// !$*UTF8*$!
{
	archiveVersion = 1;
	classes = {
	};
	objectVersion = 48;
	objects = {

/* Begin PBXBuildFile section */
		1D6384567779DBAF649BCACD /* Pods_Haircision.framework in Frameworks */ = {isa = PBXBuildFile; fileRef = FCED32B641EA4D6FEF619FDB /* Pods_Haircision.framework */; };
		DA408C7920C5C2E800C20754 /* BarbershopSelectedViewController.swift in Sources */ = {isa = PBXBuildFile; fileRef = DA408C7820C5C2E800C20754 /* BarbershopSelectedViewController.swift */; };
		DA42F30A20C316F0002AB373 /* GoogleService-Info.plist in Resources */ = {isa = PBXBuildFile; fileRef = DA42F30920C316F0002AB373 /* GoogleService-Info.plist */; };
		DA453E6520BF605400BD3BEB /* AppDelegate.swift in Sources */ = {isa = PBXBuildFile; fileRef = DA453E6420BF605400BD3BEB /* AppDelegate.swift */; };
		DA453E6A20BF605400BD3BEB /* Main.storyboard in Resources */ = {isa = PBXBuildFile; fileRef = DA453E6820BF605400BD3BEB /* Main.storyboard */; };
		DA453E6C20BF605400BD3BEB /* Assets.xcassets in Resources */ = {isa = PBXBuildFile; fileRef = DA453E6B20BF605400BD3BEB /* Assets.xcassets */; };
		DA453E6F20BF605400BD3BEB /* LaunchScreen.storyboard in Resources */ = {isa = PBXBuildFile; fileRef = DA453E6D20BF605400BD3BEB /* LaunchScreen.storyboard */; };
		DA9E693120C0EB4300D6F6DD /* HaircutSelectionViewController.swift in Sources */ = {isa = PBXBuildFile; fileRef = DA9E693020C0EB4300D6F6DD /* HaircutSelectionViewController.swift */; };
		DA9F2EED20C708C5000D587B /* UserModel.swift in Sources */ = {isa = PBXBuildFile; fileRef = DA9F2EEC20C708C5000D587B /* UserModel.swift */; };
		DAAD618320C6137C00456857 /* CustomCollectionCell.swift in Sources */ = {isa = PBXBuildFile; fileRef = DAAD618220C6137C00456857 /* CustomCollectionCell.swift */; };
		DAC9397A20C1D6FB00E391E0 /* HaircisionIntroViewController.swift in Sources */ = {isa = PBXBuildFile; fileRef = DAC9397920C1D6FB00E391E0 /* HaircisionIntroViewController.swift */; };
		DAC9397C20C2562F00E391E0 /* RegisterViewController.swift in Sources */ = {isa = PBXBuildFile; fileRef = DAC9397B20C2562F00E391E0 /* RegisterViewController.swift */; };
		DAC9397E20C2565800E391E0 /* LogInViewController.swift in Sources */ = {isa = PBXBuildFile; fileRef = DAC9397D20C2565800E391E0 /* LogInViewController.swift */; };
		DAF67BF120C4D3CF00EE38D6 /* HomePageViewController.swift in Sources */ = {isa = PBXBuildFile; fileRef = DAF67BF020C4D3CF00EE38D6 /* HomePageViewController.swift */; };
		DAF67BF320C4D46700EE38D6 /* BarbershopModel.swift in Sources */ = {isa = PBXBuildFile; fileRef = DAF67BF220C4D46700EE38D6 /* BarbershopModel.swift */; };
/* End PBXBuildFile section */

/* Begin PBXFileReference section */
		33BAC9E0394C1A5B5E5A4149 /* Pods-Haircision.release.xcconfig */ = {isa = PBXFileReference; includeInIndex = 1; lastKnownFileType = text.xcconfig; name = "Pods-Haircision.release.xcconfig"; path = "Pods/Target Support Files/Pods-Haircision/Pods-Haircision.release.xcconfig"; sourceTree = "<group>"; };
		C96A2639DBD8399D2452BC72 /* Pods-Haircision.debug.xcconfig */ = {isa = PBXFileReference; includeInIndex = 1; lastKnownFileType = text.xcconfig; name = "Pods-Haircision.debug.xcconfig"; path = "Pods/Target Support Files/Pods-Haircision/Pods-Haircision.debug.xcconfig"; sourceTree = "<group>"; };
		DA408C7820C5C2E800C20754 /* BarbershopSelectedViewController.swift */ = {isa = PBXFileReference; lastKnownFileType = sourcecode.swift; path = BarbershopSelectedViewController.swift; sourceTree = "<group>"; };
		DA42F30920C316F0002AB373 /* GoogleService-Info.plist */ = {isa = PBXFileReference; fileEncoding = 4; lastKnownFileType = text.plist.xml; path = "GoogleService-Info.plist"; sourceTree = "<group>"; };
		DA453E6120BF605400BD3BEB /* Haircision.app */ = {isa = PBXFileReference; explicitFileType = wrapper.application; includeInIndex = 0; path = Haircision.app; sourceTree = BUILT_PRODUCTS_DIR; };
		DA453E6420BF605400BD3BEB /* AppDelegate.swift */ = {isa = PBXFileReference; lastKnownFileType = sourcecode.swift; path = AppDelegate.swift; sourceTree = "<group>"; };
		DA453E6920BF605400BD3BEB /* Base */ = {isa = PBXFileReference; lastKnownFileType = file.storyboard; name = Base; path = Base.lproj/Main.storyboard; sourceTree = "<group>"; };
		DA453E6B20BF605400BD3BEB /* Assets.xcassets */ = {isa = PBXFileReference; lastKnownFileType = folder.assetcatalog; path = Assets.xcassets; sourceTree = "<group>"; };
		DA453E6E20BF605400BD3BEB /* Base */ = {isa = PBXFileReference; lastKnownFileType = file.storyboard; name = Base; path = Base.lproj/LaunchScreen.storyboard; sourceTree = "<group>"; };
		DA453E7020BF605400BD3BEB /* Info.plist */ = {isa = PBXFileReference; lastKnownFileType = text.plist.xml; path = Info.plist; sourceTree = "<group>"; };
		DA9E693020C0EB4300D6F6DD /* HaircutSelectionViewController.swift */ = {isa = PBXFileReference; lastKnownFileType = sourcecode.swift; path = HaircutSelectionViewController.swift; sourceTree = "<group>"; };
		DA9F2EEC20C708C5000D587B /* UserModel.swift */ = {isa = PBXFileReference; lastKnownFileType = sourcecode.swift; path = UserModel.swift; sourceTree = "<group>"; };
		DAAD618220C6137C00456857 /* CustomCollectionCell.swift */ = {isa = PBXFileReference; lastKnownFileType = sourcecode.swift; path = CustomCollectionCell.swift; sourceTree = "<group>"; };
		DAC9397920C1D6FB00E391E0 /* HaircisionIntroViewController.swift */ = {isa = PBXFileReference; lastKnownFileType = sourcecode.swift; path = HaircisionIntroViewController.swift; sourceTree = "<group>"; };
		DAC9397B20C2562F00E391E0 /* RegisterViewController.swift */ = {isa = PBXFileReference; lastKnownFileType = sourcecode.swift; path = RegisterViewController.swift; sourceTree = "<group>"; };
		DAC9397D20C2565800E391E0 /* LogInViewController.swift */ = {isa = PBXFileReference; lastKnownFileType = sourcecode.swift; path = LogInViewController.swift; sourceTree = "<group>"; };
		DAF67BF020C4D3CF00EE38D6 /* HomePageViewController.swift */ = {isa = PBXFileReference; lastKnownFileType = sourcecode.swift; path = HomePageViewController.swift; sourceTree = "<group>"; };
		DAF67BF220C4D46700EE38D6 /* BarbershopModel.swift */ = {isa = PBXFileReference; lastKnownFileType = sourcecode.swift; path = BarbershopModel.swift; sourceTree = "<group>"; };
		DAF67BF520C4D81C00EE38D6 /* GoogleService-Info.plist */ = {isa = PBXFileReference; fileEncoding = 4; lastKnownFileType = text.plist.xml; path = "GoogleService-Info.plist"; sourceTree = "<group>"; };
		FCED32B641EA4D6FEF619FDB /* Pods_Haircision.framework */ = {isa = PBXFileReference; explicitFileType = wrapper.framework; includeInIndex = 0; path = Pods_Haircision.framework; sourceTree = BUILT_PRODUCTS_DIR; };
/* End PBXFileReference section */

/* Begin PBXFrameworksBuildPhase section */
		DA453E5E20BF605400BD3BEB /* Frameworks */ = {
			isa = PBXFrameworksBuildPhase;
			buildActionMask = 2147483647;
			files = (
				1D6384567779DBAF649BCACD /* Pods_Haircision.framework in Frameworks */,
			);
			runOnlyForDeploymentPostprocessing = 0;
		};
/* End PBXFrameworksBuildPhase section */

/* Begin PBXGroup section */
		133AEB910ACFB266E64A87E9 /* Pods */ = {
			isa = PBXGroup;
			children = (
				C96A2639DBD8399D2452BC72 /* Pods-Haircision.debug.xcconfig */,
				33BAC9E0394C1A5B5E5A4149 /* Pods-Haircision.release.xcconfig */,
			);
			name = Pods;
			sourceTree = "<group>";
		};
		1C6E3ADA162FDB94446D14C9 /* Frameworks */ = {
			isa = PBXGroup;
			children = (
				FCED32B641EA4D6FEF619FDB /* Pods_Haircision.framework */,
			);
			name = Frameworks;
			sourceTree = "<group>";
		};
		DA453E5820BF605400BD3BEB = {
			isa = PBXGroup;
			children = (
				DA453E6320BF605400BD3BEB /* Haircision */,
				DA453E6220BF605400BD3BEB /* Products */,
				133AEB910ACFB266E64A87E9 /* Pods */,
				1C6E3ADA162FDB94446D14C9 /* Frameworks */,
			);
			sourceTree = "<group>";
		};
		DA453E6220BF605400BD3BEB /* Products */ = {
			isa = PBXGroup;
			children = (
				DA453E6120BF605400BD3BEB /* Haircision.app */,
			);
			name = Products;
			sourceTree = "<group>";
		};
		DA453E6320BF605400BD3BEB /* Haircision */ = {
			isa = PBXGroup;
			children = (
				DAF67BF420C4D46C00EE38D6 /* Model */,
				DA453E7620BF628B00BD3BEB /* Controller */,
				DA453E7720BF629D00BD3BEB /* View */,
				DA453E6B20BF605400BD3BEB /* Assets.xcassets */,
				DA453E7020BF605400BD3BEB /* Info.plist */,
				DAF67BF520C4D81C00EE38D6 /* GoogleService-Info.plist */,
				DA42F30920C316F0002AB373 /* GoogleService-Info.plist */,
			);
			path = Haircision;
			sourceTree = "<group>";
		};
		DA453E7620BF628B00BD3BEB /* Controller */ = {
			isa = PBXGroup;
			children = (
				DA453E6420BF605400BD3BEB /* AppDelegate.swift */,
				DAC9397920C1D6FB00E391E0 /* HaircisionIntroViewController.swift */,
				DAC9397D20C2565800E391E0 /* LogInViewController.swift */,
				DAC9397B20C2562F00E391E0 /* RegisterViewController.swift */,
				DAF67BF020C4D3CF00EE38D6 /* HomePageViewController.swift */,
				DAAD618420C6138000456857 /* Custom Cell */,
				DA408C7820C5C2E800C20754 /* BarbershopSelectedViewController.swift */,
				DA9E693020C0EB4300D6F6DD /* HaircutSelectionViewController.swift */,
			);
			path = Controller;
			sourceTree = "<group>";
		};
		DA453E7720BF629D00BD3BEB /* View */ = {
			isa = PBXGroup;
			children = (
				DA453E6D20BF605400BD3BEB /* LaunchScreen.storyboard */,
				DA453E6820BF605400BD3BEB /* Main.storyboard */,
			);
			path = View;
			sourceTree = "<group>";
		};
		DAAD618420C6138000456857 /* Custom Cell */ = {
			isa = PBXGroup;
			children = (
				DAAD618220C6137C00456857 /* CustomCollectionCell.swift */,
			);
			path = "Custom Cell";
			sourceTree = "<group>";
		};
		DAF67BF420C4D46C00EE38D6 /* Model */ = {
			isa = PBXGroup;
			children = (
				DAF67BF220C4D46700EE38D6 /* BarbershopModel.swift */,
				DA9F2EEC20C708C5000D587B /* UserModel.swift */,
			);
			path = Model;
			sourceTree = "<group>";
		};
/* End PBXGroup section */

/* Begin PBXNativeTarget section */
		DA453E6020BF605400BD3BEB /* Haircision */ = {
			isa = PBXNativeTarget;
			buildConfigurationList = DA453E7320BF605400BD3BEB /* Build configuration list for PBXNativeTarget "Haircision" */;
			buildPhases = (
				D7DCFAC1B64CD251E509ED0C /* [CP] Check Pods Manifest.lock */,
				DA453E5D20BF605400BD3BEB /* Sources */,
				DA453E5E20BF605400BD3BEB /* Frameworks */,
				DA453E5F20BF605400BD3BEB /* Resources */,
				91F0F358CCE53A5FE1D14867 /* [CP] Embed Pods Frameworks */,
				B09BD811D8D75D839F6F8429 /* [CP] Copy Pods Resources */,
			);
			buildRules = (
			);
			dependencies = (
			);
			name = Haircision;
			productName = Haircision;
			productReference = DA453E6120BF605400BD3BEB /* Haircision.app */;
			productType = "com.apple.product-type.application";
		};
/* End PBXNativeTarget section */

/* Begin PBXProject section */
		DA453E5920BF605400BD3BEB /* Project object */ = {
			isa = PBXProject;
			attributes = {
				LastSwiftUpdateCheck = 0900;
				LastUpgradeCheck = 0900;
				ORGANIZATIONNAME = "Brian Canela";
				TargetAttributes = {
					DA453E6020BF605400BD3BEB = {
						CreatedOnToolsVersion = 9.0.1;
						ProvisioningStyle = Automatic;
					};
				};
			};
			buildConfigurationList = DA453E5C20BF605400BD3BEB /* Build configuration list for PBXProject "Haircision" */;
			compatibilityVersion = "Xcode 8.0";
			developmentRegion = en;
			hasScannedForEncodings = 0;
			knownRegions = (
				en,
				Base,
			);
			mainGroup = DA453E5820BF605400BD3BEB;
			productRefGroup = DA453E6220BF605400BD3BEB /* Products */;
			projectDirPath = "";
			projectRoot = "";
			targets = (
				DA453E6020BF605400BD3BEB /* Haircision */,
			);
		};
/* End PBXProject section */

/* Begin PBXResourcesBuildPhase section */
		DA453E5F20BF605400BD3BEB /* Resources */ = {
			isa = PBXResourcesBuildPhase;
			buildActionMask = 2147483647;
			files = (
				DA453E6F20BF605400BD3BEB /* LaunchScreen.storyboard in Resources */,
				DA42F30A20C316F0002AB373 /* GoogleService-Info.plist in Resources */,
				DA453E6C20BF605400BD3BEB /* Assets.xcassets in Resources */,
				DA453E6A20BF605400BD3BEB /* Main.storyboard in Resources */,
			);
			runOnlyForDeploymentPostprocessing = 0;
		};
/* End PBXResourcesBuildPhase section */

/* Begin PBXShellScriptBuildPhase section */
		91F0F358CCE53A5FE1D14867 /* [CP] Embed Pods Frameworks */ = {
			isa = PBXShellScriptBuildPhase;
			buildActionMask = 2147483647;
			files = (
			);
			inputPaths = (
				"${SRCROOT}/Pods/Target Support Files/Pods-Haircision/Pods-Haircision-frameworks.sh",
				"${BUILT_PRODUCTS_DIR}/ChameleonFramework/ChameleonFramework.framework",
				"${BUILT_PRODUCTS_DIR}/GTMSessionFetcher/GTMSessionFetcher.framework",
				"${BUILT_PRODUCTS_DIR}/GoogleToolboxForMac/GoogleToolboxForMac.framework",
				"${BUILT_PRODUCTS_DIR}/SVProgressHUD/SVProgressHUD.framework",
				"${BUILT_PRODUCTS_DIR}/leveldb-library/leveldb.framework",
				"${BUILT_PRODUCTS_DIR}/nanopb/nanopb.framework",
			);
			name = "[CP] Embed Pods Frameworks";
			outputPaths = (
				"${TARGET_BUILD_DIR}/${FRAMEWORKS_FOLDER_PATH}/ChameleonFramework.framework",
				"${TARGET_BUILD_DIR}/${FRAMEWORKS_FOLDER_PATH}/GTMSessionFetcher.framework",
				"${TARGET_BUILD_DIR}/${FRAMEWORKS_FOLDER_PATH}/GoogleToolboxForMac.framework",
				"${TARGET_BUILD_DIR}/${FRAMEWORKS_FOLDER_PATH}/SVProgressHUD.framework",
				"${TARGET_BUILD_DIR}/${FRAMEWORKS_FOLDER_PATH}/leveldb.framework",
				"${TARGET_BUILD_DIR}/${FRAMEWORKS_FOLDER_PATH}/nanopb.framework",
			);
			runOnlyForDeploymentPostprocessing = 0;
			shellPath = /bin/sh;
			shellScript = "\"${SRCROOT}/Pods/Target Support Files/Pods-Haircision/Pods-Haircision-frameworks.sh\"\n";
			showEnvVarsInLog = 0;
		};
		B09BD811D8D75D839F6F8429 /* [CP] Copy Pods Resources */ = {
			isa = PBXShellScriptBuildPhase;
			buildActionMask = 2147483647;
			files = (
			);
			inputPaths = (
			);
			name = "[CP] Copy Pods Resources";
			outputPaths = (
			);
			runOnlyForDeploymentPostprocessing = 0;
			shellPath = /bin/sh;
			shellScript = "\"${SRCROOT}/Pods/Target Support Files/Pods-Haircision/Pods-Haircision-resources.sh\"\n";
			showEnvVarsInLog = 0;
		};
		D7DCFAC1B64CD251E509ED0C /* [CP] Check Pods Manifest.lock */ = {
			isa = PBXShellScriptBuildPhase;
			buildActionMask = 2147483647;
			files = (
			);
			inputPaths = (
				"${PODS_PODFILE_DIR_PATH}/Podfile.lock",
				"${PODS_ROOT}/Manifest.lock",
			);
			name = "[CP] Check Pods Manifest.lock";
			outputPaths = (
				"$(DERIVED_FILE_DIR)/Pods-Haircision-checkManifestLockResult.txt",
			);
			runOnlyForDeploymentPostprocessing = 0;
			shellPath = /bin/sh;
			shellScript = "diff \"${PODS_PODFILE_DIR_PATH}/Podfile.lock\" \"${PODS_ROOT}/Manifest.lock\" > /dev/null\nif [ $? != 0 ] ; then\n    # print error to STDERR\n    echo \"error: The sandbox is not in sync with the Podfile.lock. Run 'pod install' or update your CocoaPods installation.\" >&2\n    exit 1\nfi\n# This output is used by Xcode 'outputs' to avoid re-running this script phase.\necho \"SUCCESS\" > \"${SCRIPT_OUTPUT_FILE_0}\"\n";
			showEnvVarsInLog = 0;
		};
/* End PBXShellScriptBuildPhase section */

/* Begin PBXSourcesBuildPhase section */
		DA453E5D20BF605400BD3BEB /* Sources */ = {
			isa = PBXSourcesBuildPhase;
			buildActionMask = 2147483647;
			files = (
				DA9E693120C0EB4300D6F6DD /* HaircutSelectionViewController.swift in Sources */,
				DA408C7920C5C2E800C20754 /* BarbershopSelectedViewController.swift in Sources */,
				DAF67BF320C4D46700EE38D6 /* BarbershopModel.swift in Sources */,
				DA453E6520BF605400BD3BEB /* AppDelegate.swift in Sources */,
				DAF67BF120C4D3CF00EE38D6 /* HomePageViewController.swift in Sources */,
				DAC9397A20C1D6FB00E391E0 /* HaircisionIntroViewController.swift in Sources */,
				DAC9397E20C2565800E391E0 /* LogInViewController.swift in Sources */,
				DAC9397C20C2562F00E391E0 /* RegisterViewController.swift in Sources */,
				DA9F2EED20C708C5000D587B /* UserModel.swift in Sources */,
				DAAD618320C6137C00456857 /* CustomCollectionCell.swift in Sources */,
			);
			runOnlyForDeploymentPostprocessing = 0;
		};
/* End PBXSourcesBuildPhase section */

/* Begin PBXVariantGroup section */
		DA453E6820BF605400BD3BEB /* Main.storyboard */ = {
			isa = PBXVariantGroup;
			children = (
				DA453E6920BF605400BD3BEB /* Base */,
			);
			name = Main.storyboard;
			sourceTree = "<group>";
		};
		DA453E6D20BF605400BD3BEB /* LaunchScreen.storyboard */ = {
			isa = PBXVariantGroup;
			children = (
				DA453E6E20BF605400BD3BEB /* Base */,
			);
			name = LaunchScreen.storyboard;
			sourceTree = "<group>";
		};
/* End PBXVariantGroup section */

/* Begin XCBuildConfiguration section */
		DA453E7120BF605400BD3BEB /* Debug */ = {
			isa = XCBuildConfiguration;
			buildSettings = {
				ALWAYS_SEARCH_USER_PATHS = NO;
				CLANG_ANALYZER_NONNULL = YES;
				CLANG_ANALYZER_NUMBER_OBJECT_CONVERSION = YES_AGGRESSIVE;
				CLANG_CXX_LANGUAGE_STANDARD = "gnu++14";
				CLANG_CXX_LIBRARY = "libc++";
				CLANG_ENABLE_MODULES = YES;
				CLANG_ENABLE_OBJC_ARC = YES;
				CLANG_WARN_BLOCK_CAPTURE_AUTORELEASING = YES;
				CLANG_WARN_BOOL_CONVERSION = YES;
				CLANG_WARN_COMMA = YES;
				CLANG_WARN_CONSTANT_CONVERSION = YES;
				CLANG_WARN_DIRECT_OBJC_ISA_USAGE = YES_ERROR;
				CLANG_WARN_DOCUMENTATION_COMMENTS = YES;
				CLANG_WARN_EMPTY_BODY = YES;
				CLANG_WARN_ENUM_CONVERSION = YES;
				CLANG_WARN_INFINITE_RECURSION = YES;
				CLANG_WARN_INT_CONVERSION = YES;
				CLANG_WARN_NON_LITERAL_NULL_CONVERSION = YES;
				CLANG_WARN_OBJC_LITERAL_CONVERSION = YES;
				CLANG_WARN_OBJC_ROOT_CLASS = YES_ERROR;
				CLANG_WARN_RANGE_LOOP_ANALYSIS = YES;
				CLANG_WARN_STRICT_PROTOTYPES = YES;
				CLANG_WARN_SUSPICIOUS_MOVE = YES;
				CLANG_WARN_UNGUARDED_AVAILABILITY = YES_AGGRESSIVE;
				CLANG_WARN_UNREACHABLE_CODE = YES;
				CLANG_WARN__DUPLICATE_METHOD_MATCH = YES;
				CODE_SIGN_IDENTITY = "iPhone Developer";
				COPY_PHASE_STRIP = NO;
				DEBUG_INFORMATION_FORMAT = dwarf;
				ENABLE_STRICT_OBJC_MSGSEND = YES;
				ENABLE_TESTABILITY = YES;
				GCC_C_LANGUAGE_STANDARD = gnu11;
				GCC_DYNAMIC_NO_PIC = NO;
				GCC_NO_COMMON_BLOCKS = YES;
				GCC_OPTIMIZATION_LEVEL = 0;
				GCC_PREPROCESSOR_DEFINITIONS = (
					"DEBUG=1",
					"$(inherited)",
				);
				GCC_WARN_64_TO_32_BIT_CONVERSION = YES;
				GCC_WARN_ABOUT_RETURN_TYPE = YES_ERROR;
				GCC_WARN_UNDECLARED_SELECTOR = YES;
				GCC_WARN_UNINITIALIZED_AUTOS = YES_AGGRESSIVE;
				GCC_WARN_UNUSED_FUNCTION = YES;
				GCC_WARN_UNUSED_VARIABLE = YES;
				IPHONEOS_DEPLOYMENT_TARGET = 11.0;
				MTL_ENABLE_DEBUG_INFO = YES;
				ONLY_ACTIVE_ARCH = YES;
				SDKROOT = iphoneos;
				SWIFT_ACTIVE_COMPILATION_CONDITIONS = DEBUG;
				SWIFT_OPTIMIZATION_LEVEL = "-Onone";
			};
			name = Debug;
		};
		DA453E7220BF605400BD3BEB /* Release */ = {
			isa = XCBuildConfiguration;
			buildSettings = {
				ALWAYS_SEARCH_USER_PATHS = NO;
				CLANG_ANALYZER_NONNULL = YES;
				CLANG_ANALYZER_NUMBER_OBJECT_CONVERSION = YES_AGGRESSIVE;
				CLANG_CXX_LANGUAGE_STANDARD = "gnu++14";
				CLANG_CXX_LIBRARY = "libc++";
				CLANG_ENABLE_MODULES = YES;
				CLANG_ENABLE_OBJC_ARC = YES;
				CLANG_WARN_BLOCK_CAPTURE_AUTORELEASING = YES;
				CLANG_WARN_BOOL_CONVERSION = YES;
				CLANG_WARN_COMMA = YES;
				CLANG_WARN_CONSTANT_CONVERSION = YES;
				CLANG_WARN_DIRECT_OBJC_ISA_USAGE = YES_ERROR;
				CLANG_WARN_DOCUMENTATION_COMMENTS = YES;
				CLANG_WARN_EMPTY_BODY = YES;
				CLANG_WARN_ENUM_CONVERSION = YES;
				CLANG_WARN_INFINITE_RECURSION = YES;
				CLANG_WARN_INT_CONVERSION = YES;
				CLANG_WARN_NON_LITERAL_NULL_CONVERSION = YES;
				CLANG_WARN_OBJC_LITERAL_CONVERSION = YES;
				CLANG_WARN_OBJC_ROOT_CLASS = YES_ERROR;
				CLANG_WARN_RANGE_LOOP_ANALYSIS = YES;
				CLANG_WARN_STRICT_PROTOTYPES = YES;
				CLANG_WARN_SUSPICIOUS_MOVE = YES;
				CLANG_WARN_UNGUARDED_AVAILABILITY = YES_AGGRESSIVE;
				CLANG_WARN_UNREACHABLE_CODE = YES;
				CLANG_WARN__DUPLICATE_METHOD_MATCH = YES;
				CODE_SIGN_IDENTITY = "iPhone Developer";
				COPY_PHASE_STRIP = NO;
				DEBUG_INFORMATION_FORMAT = "dwarf-with-dsym";
				ENABLE_NS_ASSERTIONS = NO;
				ENABLE_STRICT_OBJC_MSGSEND = YES;
				GCC_C_LANGUAGE_STANDARD = gnu11;
				GCC_NO_COMMON_BLOCKS = YES;
				GCC_WARN_64_TO_32_BIT_CONVERSION = YES;
				GCC_WARN_ABOUT_RETURN_TYPE = YES_ERROR;
				GCC_WARN_UNDECLARED_SELECTOR = YES;
				GCC_WARN_UNINITIALIZED_AUTOS = YES_AGGRESSIVE;
				GCC_WARN_UNUSED_FUNCTION = YES;
				GCC_WARN_UNUSED_VARIABLE = YES;
				IPHONEOS_DEPLOYMENT_TARGET = 11.0;
				MTL_ENABLE_DEBUG_INFO = NO;
				SDKROOT = iphoneos;
				SWIFT_OPTIMIZATION_LEVEL = "-Owholemodule";
				VALIDATE_PRODUCT = YES;
			};
			name = Release;
		};
		DA453E7420BF605400BD3BEB /* Debug */ = {
			isa = XCBuildConfiguration;
			baseConfigurationReference = C96A2639DBD8399D2452BC72 /* Pods-Haircision.debug.xcconfig */;
			buildSettings = {
				ASSETCATALOG_COMPILER_APPICON_NAME = AppIcon;
				CODE_SIGN_STYLE = Automatic;
				DEVELOPMENT_TEAM = L5PJHUVTXH;
				INFOPLIST_FILE = Haircision/Info.plist;
				LD_RUNPATH_SEARCH_PATHS = "$(inherited) @executable_path/Frameworks";
				PRODUCT_BUNDLE_IDENTIFIER = com.CanelaApp.Haircision;
				PRODUCT_NAME = "$(TARGET_NAME)";
				SWIFT_VERSION = 4.0;
				TARGETED_DEVICE_FAMILY = "1,2";
			};
			name = Debug;
		};
		DA453E7520BF605400BD3BEB /* Release */ = {
			isa = XCBuildConfiguration;
			baseConfigurationReference = 33BAC9E0394C1A5B5E5A4149 /* Pods-Haircision.release.xcconfig */;
			buildSettings = {
				ASSETCATALOG_COMPILER_APPICON_NAME = AppIcon;
				CODE_SIGN_STYLE = Automatic;
				DEVELOPMENT_TEAM = L5PJHUVTXH;
				INFOPLIST_FILE = Haircision/Info.plist;
				LD_RUNPATH_SEARCH_PATHS = "$(inherited) @executable_path/Frameworks";
				PRODUCT_BUNDLE_IDENTIFIER = com.CanelaApp.Haircision;
				PRODUCT_NAME = "$(TARGET_NAME)";
				SWIFT_VERSION = 4.0;
				TARGETED_DEVICE_FAMILY = "1,2";
			};
			name = Release;
		};
/* End XCBuildConfiguration section */

/* Begin XCConfigurationList section */
		DA453E5C20BF605400BD3BEB /* Build configuration list for PBXProject "Haircision" */ = {
			isa = XCConfigurationList;
			buildConfigurations = (
				DA453E7120BF605400BD3BEB /* Debug */,
				DA453E7220BF605400BD3BEB /* Release */,
			);
			defaultConfigurationIsVisible = 0;
			defaultConfigurationName = Release;
		};
		DA453E7320BF605400BD3BEB /* Build configuration list for PBXNativeTarget "Haircision" */ = {
			isa = XCConfigurationList;
			buildConfigurations = (
				DA453E7420BF605400BD3BEB /* Debug */,
				DA453E7520BF605400BD3BEB /* Release */,
			);
			defaultConfigurationIsVisible = 0;
			defaultConfigurationName = Release;
		};
/* End XCConfigurationList section */
	};
	rootObject = DA453E5920BF605400BD3BEB /* Project object */;
}
